{
  "requires": true,
  "lockfileVersion": 1,
  "dependencies": {
    "@ionic-native/native-page-transitions": {
      "version": "5.22.0",
      "resolved": "https://registry.npmjs.org/@ionic-native/native-page-transitions/-/native-page-transitions-5.22.0.tgz",
      "integrity": "sha512-rFvgKizJSevb6bd0dUFWp8LQ0AEUG/B8R4cwujszNZ+q4YGmztHFudp1Flfu19ma4XXFhKran/p7W4880vjLCg==",
      "requires": {
        "@types/cordova": "^0.0.34"
      }
    },
    "@types/cordova": {
      "version": "0.0.34",
      "resolved": "https://registry.npmjs.org/@types/cordova/-/cordova-0.0.34.tgz",
      "integrity": "sha1-6nrd907Ow9dimCegw54smt3HPQQ="
    },
    "com.telerik.plugins.nativepagetransitions": {
      "version": "0.6.5",
      "resolved": "https://registry.npmjs.org/com.telerik.plugins.nativepagetransitions/-/com.telerik.plugins.nativepagetransitions-0.6.5.tgz",
      "integrity": "sha1-Onr9vdOW/1fDUW8I8kiJReVIWx8="
    },
    "ionic2-super-tabs": {
      "version": "5.2.0",
      "resolved": "https://registry.npmjs.org/ionic2-super-tabs/-/ionic2-super-tabs-5.2.0.tgz",
      "integrity": "sha512-7cU1SMVU992iYojMrvw2Z9RaAKbZEK/xpvvc2puKSaEjBCInnb/qVqEdh0SxihFduQA7tDW/DhSqT1Cr2sRR6A=="
    }
  }
}
